
Microsoft Visual Studio Solution File, Format Version 12.00
# Visual Studio Version 17
VisualStudioVersion = 17.9.34622.214
MinimumVisualStudioVersion = 10.0.40219.1
Project("{FAE04EC0-301F-11D3-BF4B-00C04F79EFBC}") = "TeacherProject", "TeacherProject\TeacherProject.csproj", "{2EEC8D79-834B-4F99-A6FD-99CAFBA9592F}"
EndProject
Global
	GlobalSection(SolutionConfigurationPlatforms) = preSolution
		Debug|Any CPU = Debug|Any CPU
		Release|Any CPU = Release|Any CPU
	EndGlobalSection
	GlobalSection(ProjectConfigurationPlatforms) = postSolution
		{2EEC8D79-834B-4F99-A6FD-99CAFBA9592F}.Debug|Any CPU.ActiveCfg = Debug|Any CPU
		{2EEC8D79-834B-4F99-A6FD-99CAFBA9592F}.Debug|Any CPU.Build.0 = Debug|Any CPU
		{2EEC8D79-834B-4F99-A6FD-99CAFBA9592F}.Release|Any CPU.ActiveCfg = Release|Any CPU
		{2EEC8D79-834B-4F99-A6FD-99CAFBA9592F}.Release|Any CPU.Build.0 = Release|Any CPU
	EndGlobalSection
	GlobalSection(SolutionProperties) = preSolution
		HideSolutionNode = FALSE
	EndGlobalSection
	GlobalSection(ExtensibilityGlobals) = postSolution
		SolutionGuid = {C7D2EB9B-7027-479D-8EE6-9ED7451B2D32}
	EndGlobalSection
EndGlobal
